{
    "_readme": [
        "This file locks the dependencies of your project to a known state",
        "Read more about it at https://getcomposer.org/doc/01-basic-usage.md#installing-dependencies",
        "This file is @generated automatically"
    ],
    "content-hash": "6a3c242570065ea488c691290359afca",
    "packages": [
        {
            "name": "gmars/tp5-nestedsets",
            "version": "dev-master",
            "source": {
                "type": "git",
                "url": "https://github.com/gmars/tp5-nestedsets.git",
                "reference": "2955cee8068f5518afee0c75f034b0e3440f7cc7"
            },
            "dist": {
                "type": "zip",
                "url": "https://api.github.com/repos/gmars/tp5-nestedsets/zipball/2955cee8068f5518afee0c75f034b0e3440f7cc7",
                "reference": "2955cee8068f5518afee0c75f034b0e3440f7cc7",
                "shasum": ""
            },
            "type": "library",
            "autoload": {
                "psr-4": {
                    "gmars\\nestedsets\\": "src"
                }
            },
            "notification-url": "https://packagist.org/downloads/",
            "license": [
                "MIT"
            ],
            "authors": [
                {
                    "name": "weiyongqiang",
                    "email": "hayixia606@163.com"
                }
            ],
            "description": "此扩展是thinkPHP5的nestendsets的扩展。能够方便的在项目中来管理有层级关系的数据结构。该扩展在算法上部分参考了Willfred di Vampo的nestedsets，实现了数据的插入，移动，删除，遍历等功能。",
            "time": "2018-05-17T02:27:20+00:00"
        },
        {
            "name": "gmars/tp5-rbac",
            "version": "v1.3.1",
            "source": {
                "type": "git",
                "url": "https://github.com/gmars/tp5-rbac.git",
                "reference": "1147a8b510caa905ac88ddca3d8278b8e25696fd"
            },
            "dist": {
                "type": "zip",
                "url": "https://api.github.com/repos/gmars/tp5-rbac/zipball/1147a8b510caa905ac88ddca3d8278b8e25696fd",
                "reference": "1147a8b510caa905ac88ddca3d8278b8e25696fd",
                "shasum": ""
            },
            "require": {
                "gmars/tp5-nestedsets": "dev-master",
                "topthink/think-migration": "*"
            },
            "type": "library",
            "autoload": {
                "psr-4": {
                    "gmars\\rbac\\": "src"
                }
            },
            "notification-url": "https://packagist.org/downloads/",
            "license": [
                "MIT"
            ],
            "authors": [
                {
                    "name": "weiyongqiang",
                    "email": "hayixia606@163.com"
                }
            ],
            "description": "这个扩展是基于thinkPHP5框架的RBAC权限验证的扩展。使用本扩展能够快速的将RBAC权限控制器模块引入到自己的系统中。原则上本模块适合于任何PHP框架但是由于使用了thinkPHP5的特性所以使用composer安装到其他框架时需要做相应的修改。模块所需要的扩展库可以通过thinkPHP5的migration来做数据迁移。",
            "time": "2018-08-16T07:49:36+00:00"
        },
        {
            "name": "jaybizzle/crawler-detect",
            "version": "v1.2.73",
            "source": {
                "type": "git",
                "url": "https://github.com/JayBizzle/Crawler-Detect.git",
                "reference": "3783b88b686dfd8f0c752f829caaf1bcace581ef"
            },
            "dist": {
                "type": "zip",
                "url": "https://api.github.com/repos/JayBizzle/Crawler-Detect/zipball/3783b88b686dfd8f0c752f829caaf1bcace581ef",
                "reference": "3783b88b686dfd8f0c752f829caaf1bcace581ef",
                "shasum": ""
            },
            "require": {
                "php": ">=5.3.0"
            },
            "require-dev": {
                "phpunit/phpunit": "^4.8|^5.5|^6.5",
                "satooshi/php-coveralls": "1.*"
            },
            "type": "library",
            "autoload": {
                "psr-4": {
                    "Jaybizzle\\CrawlerDetect\\": "src/"
                }
            },
            "notification-url": "https://packagist.org/downloads/",
            "license": [
                "MIT"
            ],
            "authors": [
                {
                    "name": "Mark Beech",
                    "email": "m@rkbee.ch",
                    "role": "Developer"
                }
            ],
            "description": "CrawlerDetect is a PHP class for detecting bots/crawlers/spiders via the user agent",
            "homepage": "https://github.com/JayBizzle/Crawler-Detect/",
            "keywords": [
                "crawler",
                "crawler detect",
                "crawler detector",
                "crawlerdetect",
                "php crawler detect"
            ],
            "time": "2018-10-31T13:15:59+00:00"
        },
        {
            "name": "jenssegers/agent",
            "version": "v2.6.0",
            "source": {
                "type": "git",
                "url": "https://github.com/jenssegers/agent.git",
                "reference": "df71082ed2a95fc8a82ba30832ccf72df939f02a"
            },
            "dist": {
                "type": "zip",
                "url": "https://api.github.com/repos/jenssegers/agent/zipball/df71082ed2a95fc8a82ba30832ccf72df939f02a",
                "reference": "df71082ed2a95fc8a82ba30832ccf72df939f02a",
                "shasum": ""
            },
            "require": {
                "jaybizzle/crawler-detect": "^1.2",
                "mobiledetect/mobiledetectlib": "^2.7.6",
                "php": ">=5.4.0"
            },
            "require-dev": {
                "phpunit/phpunit": "^4.0|^5.0|^6.0",
                "satooshi/php-coveralls": "^1.0"
            },
            "type": "library",
            "extra": {
                "branch-alias": {
                    "dev-master": "3.0-dev"
                },
                "laravel": {
                    "providers": [
                        "Jenssegers\\Agent\\AgentServiceProvider"
                    ],
                    "aliases": {
                        "Agent": "Jenssegers\\Agent\\Facades\\Agent"
                    }
                }
            },
            "autoload": {
                "psr-4": {
                    "Jenssegers\\Agent\\": "src/"
                }
            },
            "notification-url": "https://packagist.org/downloads/",
            "license": [
                "MIT"
            ],
            "authors": [
                {
                    "name": "Jens Segers",
                    "homepage": "https://jenssegers.com"
                }
            ],
            "description": "Desktop/mobile user agent parser with support for Laravel, based on Mobiledetect",
            "homepage": "https://github.com/jenssegers/agent",
            "keywords": [
                "Agent",
                "browser",
                "desktop",
                "laravel",
                "mobile",
                "platform",
                "user agent",
                "useragent"
            ],
            "time": "2017-11-10T10:35:35+00:00"
        },
        {
            "name": "mobiledetect/mobiledetectlib",
            "version": "2.8.33",
            "source": {
                "type": "git",
                "url": "https://github.com/serbanghita/Mobile-Detect.git",
                "reference": "cd385290f9a0d609d2eddd165a1e44ec1bf12102"
            },
            "dist": {
                "type": "zip",
                "url": "https://api.github.com/repos/serbanghita/Mobile-Detect/zipball/cd385290f9a0d609d2eddd165a1e44ec1bf12102",
                "reference": "cd385290f9a0d609d2eddd165a1e44ec1bf12102",
                "shasum": ""
            },
            "require": {
                "php": ">=5.0.0"
            },
            "require-dev": {
                "phpunit/phpunit": "~4.8.35||~5.7"
            },
            "type": "library",
            "autoload": {
                "classmap": [
                    "Mobile_Detect.php"
                ],
                "psr-0": {
                    "Detection": "namespaced/"
                }
            },
            "notification-url": "https://packagist.org/downloads/",
            "license": [
                "MIT"
            ],
            "authors": [
                {
                    "name": "Serban Ghita",
                    "email": "serbanghita@gmail.com",
                    "homepage": "http://mobiledetect.net",
                    "role": "Developer"
                }
            ],
            "description": "Mobile_Detect is a lightweight PHP class for detecting mobile devices. It uses the User-Agent string combined with specific HTTP headers to detect the mobile environment.",
            "homepage": "https://github.com/serbanghita/Mobile-Detect",
            "keywords": [
                "detect mobile devices",
                "mobile",
                "mobile detect",
                "mobile detector",
                "php mobile detect"
            ],
            "time": "2018-09-01T15:05:15+00:00"
        },
        {
            "name": "topthink/framework",
            "version": "v5.0.22",
            "source": {
                "type": "git",
                "url": "https://github.com/top-think/framework.git",
                "reference": "b0514ee54c4703c1598d3caa3fad2b8a6a41e311"
            },
            "dist": {
                "type": "zip",
                "url": "https://api.github.com/repos/top-think/framework/zipball/b0514ee54c4703c1598d3caa3fad2b8a6a41e311",
                "reference": "b0514ee54c4703c1598d3caa3fad2b8a6a41e311",
                "shasum": ""
            },
            "require": {
                "php": ">=5.4.0",
                "topthink/think-installer": "~1.0"
            },
            "require-dev": {
                "johnkary/phpunit-speedtrap": "^1.0",
                "mikey179/vfsstream": "~1.6",
                "phpdocumentor/reflection-docblock": "^2.0",
                "phploc/phploc": "2.*",
                "phpunit/phpunit": "4.8.*",
                "sebastian/phpcpd": "2.*"
            },
            "type": "think-framework",
            "autoload": {
                "psr-4": {
                    "think\\": "library/think"
                }
            },
            "notification-url": "https://packagist.org/downloads/",
            "license": [
                "Apache-2.0"
            ],
            "authors": [
                {
                    "name": "liu21st",
                    "email": "liu21st@gmail.com"
                }
            ],
            "description": "the new thinkphp framework",
            "homepage": "http://thinkphp.cn/",
            "keywords": [
                "framework",
                "orm",
                "thinkphp"
            ],
            "time": "2018-10-21T08:36:55+00:00"
        },
        {
            "name": "topthink/think-captcha",
            "version": "v1.0.7",
            "source": {
                "type": "git",
                "url": "https://github.com/top-think/think-captcha.git",
                "reference": "0c55455df26a1626a60d0dc35d2d89002b741d44"
            },
            "dist": {
                "type": "zip",
                "url": "https://api.github.com/repos/top-think/think-captcha/zipball/0c55455df26a1626a60d0dc35d2d89002b741d44",
                "reference": "0c55455df26a1626a60d0dc35d2d89002b741d44",
                "shasum": ""
            },
            "type": "library",
            "autoload": {
                "psr-4": {
                    "think\\captcha\\": "src/"
                },
                "files": [
                    "src/helper.php"
                ]
            },
            "notification-url": "https://packagist.org/downloads/",
            "license": [
                "Apache-2.0"
            ],
            "authors": [
                {
                    "name": "yunwuxin",
                    "email": "448901948@qq.com"
                }
            ],
            "description": "captcha package for thinkphp5",
            "time": "2016-07-06T01:47:11+00:00"
        },
        {
            "name": "topthink/think-helper",
            "version": "v1.0.6",
            "source": {
                "type": "git",
                "url": "https://github.com/top-think/think-helper.git",
                "reference": "0c99dc625b0d2d4124e1b6ca15a3ad6f0125963f"
            },
            "dist": {
                "type": "zip",
                "url": "https://api.github.com/repos/top-think/think-helper/zipball/0c99dc625b0d2d4124e1b6ca15a3ad6f0125963f",
                "reference": "0c99dc625b0d2d4124e1b6ca15a3ad6f0125963f",
                "shasum": ""
            },
            "type": "library",
            "autoload": {
                "psr-4": {
                    "think\\helper\\": "src"
                },
                "files": [
                    "src/helper.php"
                ]
            },
            "notification-url": "https://packagist.org/downloads/",
            "license": [
                "Apache-2.0"
            ],
            "authors": [
                {
                    "name": "yunwuxin",
                    "email": "448901948@qq.com"
                }
            ],
            "description": "The ThinkPHP5 Helper Package",
            "time": "2017-04-05T07:15:37+00:00"
        },
        {
            "name": "topthink/think-image",
            "version": "v1.0.7",
            "source": {
                "type": "git",
                "url": "https://github.com/top-think/think-image.git",
                "reference": "8586cf47f117481c6d415b20f7dedf62e79d5512"
            },
            "dist": {
                "type": "zip",
                "url": "https://api.github.com/repos/top-think/think-image/zipball/8586cf47f117481c6d415b20f7dedf62e79d5512",
                "reference": "8586cf47f117481c6d415b20f7dedf62e79d5512",
                "shasum": ""
            },
            "require": {
                "ext-gd": "*"
            },
            "require-dev": {
                "phpunit/phpunit": "4.8.*",
                "topthink/framework": "^5.0"
            },
            "type": "library",
            "autoload": {
                "psr-4": {
                    "think\\": "src"
                }
            },
            "notification-url": "https://packagist.org/downloads/",
            "license": [
                "Apache-2.0"
            ],
            "authors": [
                {
                    "name": "yunwuxin",
                    "email": "448901948@qq.com"
                }
            ],
            "description": "The ThinkPHP5 Image Package",
            "time": "2016-09-29T06:05:43+00:00"
        },
        {
            "name": "topthink/think-installer",
            "version": "v1.0.12",
            "source": {
                "type": "git",
                "url": "https://github.com/top-think/think-installer.git",
                "reference": "1be326e68f63de4e95977ed50f46ae75f017556d"
            },
            "dist": {
                "type": "zip",
                "url": "https://api.github.com/repos/top-think/think-installer/zipball/1be326e68f63de4e95977ed50f46ae75f017556d",
                "reference": "1be326e68f63de4e95977ed50f46ae75f017556d",
                "shasum": ""
            },
            "require": {
                "composer-plugin-api": "^1.0"
            },
            "require-dev": {
                "composer/composer": "1.0.*@dev"
            },
            "type": "composer-plugin",
            "extra": {
                "class": "think\\composer\\Plugin"
            },
            "autoload": {
                "psr-4": {
                    "think\\composer\\": "src"
                }
            },
            "notification-url": "https://packagist.org/downloads/",
            "license": [
                "Apache-2.0"
            ],
            "authors": [
                {
                    "name": "yunwuxin",
                    "email": "448901948@qq.com"
                }
            ],
            "time": "2017-05-27T06:58:09+00:00"
        },
        {
            "name": "topthink/think-migration",
            "version": "v1.1.1",
            "source": {
                "type": "git",
                "url": "https://github.com/top-think/think-migration.git",
                "reference": "8e489f8d38a39876690c0e00fcf9a54ae92c4d3d"
            },
            "dist": {
                "type": "zip",
                "url": "https://api.github.com/repos/top-think/think-migration/zipball/8e489f8d38a39876690c0e00fcf9a54ae92c4d3d",
                "reference": "8e489f8d38a39876690c0e00fcf9a54ae92c4d3d",
                "shasum": ""
            },
            "require-dev": {
                "topthink/framework": "^5.0"
            },
            "type": "library",
            "autoload": {
                "psr-4": {
                    "Phinx\\": "phinx/src/Phinx",
                    "think\\migration\\": "src"
                },
                "files": [
                    "src/config.php"
                ]
            },
            "notification-url": "https://packagist.org/downloads/",
            "license": [
                "Apache-2.0"
            ],
            "authors": [
                {
                    "name": "yunwuxin",
                    "email": "448901948@qq.com"
                }
            ],
            "time": "2017-03-31T06:33:23+00:00"
        },
        {
            "name": "topthink/think-mongo",
            "version": "v1.8.5",
            "source": {
                "type": "git",
                "url": "https://github.com/top-think/think-mongo.git",
                "reference": "657cc79bd5f090a58b0cc83776073dd69c83a3d1"
            },
            "dist": {
                "type": "zip",
                "url": "https://api.github.com/repos/top-think/think-mongo/zipball/657cc79bd5f090a58b0cc83776073dd69c83a3d1",
                "reference": "657cc79bd5f090a58b0cc83776073dd69c83a3d1",
                "shasum": ""
            },
            "type": "library",
            "autoload": {
                "psr-4": {
                    "think\\mongo\\": "src"
                },
                "files": []
            },
            "notification-url": "https://packagist.org/downloads/",
            "license": [
                "Apache-2.0"
            ],
            "authors": [
                {
                    "name": "liu21st",
                    "email": "liu21st@gmail.com"
                }
            ],
            "description": "mongodb driver for thinkphp5",
            "time": "2018-06-03T01:51:27+00:00"
        },
        {
            "name": "topthink/think-oracle",
            "version": "v1.3",
            "source": {
                "type": "git",
                "url": "https://github.com/top-think/think-oracle.git",
                "reference": "89a049e876167030b489322f691aed00799fd68f"
            },
            "dist": {
                "type": "zip",
                "url": "https://api.github.com/repos/top-think/think-oracle/zipball/89a049e876167030b489322f691aed00799fd68f",
                "reference": "89a049e876167030b489322f691aed00799fd68f",
                "shasum": ""
            },
            "require": {
                "topthink/framework": "~5.0.17"
            },
            "type": "library",
            "autoload": {
                "psr-4": {
                    "think\\oracle\\": "src"
                },
                "files": []
            },
            "notification-url": "https://packagist.org/downloads/",
            "license": [
                "Apache-2.0"
            ],
            "authors": [
                {
                    "name": "liu21st",
                    "email": "liu21st@gmail.com"
                }
            ],
            "description": "Oracle driver for thinkphp5",
            "time": "2018-04-14T00:52:34+00:00"
        },
        {
            "name": "topthink/think-queue",
            "version": "v1.1.6",
            "source": {
                "type": "git",
                "url": "https://github.com/top-think/think-queue.git",
                "reference": "250650eb0e8ea5af4cfdc7ae46f3f4e0a24ac245"
            },
            "dist": {
                "type": "zip",
                "url": "https://api.github.com/repos/top-think/think-queue/zipball/250650eb0e8ea5af4cfdc7ae46f3f4e0a24ac245",
                "reference": "250650eb0e8ea5af4cfdc7ae46f3f4e0a24ac245",
                "shasum": ""
            },
            "require": {
                "topthink/think-helper": ">=1.0.4",
                "topthink/think-installer": ">=1.0.10"
            },
            "require-dev": {
                "topthink/framework": "~5.0.0"
            },
            "type": "think-extend",
            "extra": {
                "think-config": {
                    "queue": "src/config.php"
                }
            },
            "autoload": {
                "psr-4": {
                    "think\\": "src"
                },
                "files": [
                    "src/common.php"
                ]
            },
            "notification-url": "https://packagist.org/downloads/",
            "license": [
                "Apache-2.0"
            ],
            "authors": [
                {
                    "name": "yunwuxin",
                    "email": "448901948@qq.com"
                }
            ],
            "description": "The ThinkPHP5 Queue Package",
            "time": "2018-10-15T10:16:55+00:00"
        },
        {
            "name": "topthink/think-worker",
            "version": "v1.0.1",
            "source": {
                "type": "git",
                "url": "https://github.com/top-think/think-worker.git",
                "reference": "b609ff5e38dbb7194aab027d2b2c6b31a7ed1bd1"
            },
            "dist": {
                "type": "zip",
                "url": "https://api.github.com/repos/top-think/think-worker/zipball/b609ff5e38dbb7194aab027d2b2c6b31a7ed1bd1",
                "reference": "b609ff5e38dbb7194aab027d2b2c6b31a7ed1bd1",
                "shasum": ""
            },
            "require": {
                "workerman/workerman": "^3.3.0"
            },
            "type": "library",
            "autoload": {
                "psr-4": {
                    "think\\worker\\": "src"
                },
                "files": []
            },
            "notification-url": "https://packagist.org/downloads/",
            "license": [
                "Apache-2.0"
            ],
            "authors": [
                {
                    "name": "liu21st",
                    "email": "liu21st@gmail.com"
                }
            ],
            "description": "workerman extend for thinkphp5",
            "time": "2016-10-08T06:07:03+00:00"
        },
        {
            "name": "workerman/workerman",
            "version": "v3.5.15",
            "source": {
                "type": "git",
                "url": "https://github.com/walkor/Workerman.git",
                "reference": "6df60271e514201a17a96acb8ea16936000444cb"
            },
            "dist": {
                "type": "zip",
                "url": "https://api.github.com/repos/walkor/Workerman/zipball/6df60271e514201a17a96acb8ea16936000444cb",
                "reference": "6df60271e514201a17a96acb8ea16936000444cb",
                "shasum": ""
            },
            "require": {
                "php": ">=5.3"
            },
            "suggest": {
                "ext-event": "For better performance. "
            },
            "type": "library",
            "autoload": {
                "psr-4": {
                    "Workerman\\": "./"
                }
            },
            "notification-url": "https://packagist.org/downloads/",
            "license": [
                "MIT"
            ],
            "authors": [
                {
                    "name": "walkor",
                    "email": "walkor@workerman.net",
                    "homepage": "http://www.workerman.net",
                    "role": "Developer"
                }
            ],
            "description": "An asynchronous event driven PHP framework for easily building fast, scalable network applications.",
            "homepage": "http://www.workerman.net",
            "keywords": [
                "asynchronous",
                "event-loop"
            ],
            "time": "2018-09-20T09:11:43+00:00"
        }
    ],
    "packages-dev": [],
    "aliases": [],
    "minimum-stability": "stable",
    "stability-flags": {
        "gmars/tp5-nestedsets": 20
    },
    "prefer-stable": false,
    "prefer-lowest": false,
    "platform": {
        "php": ">=5.4.0"
    },
    "platform-dev": []
}
